
Microsoft Visual Studio Solution File, Format Version 12.00
# Visual Studio Version 17
VisualStudioVersion = 17.8.34511.84
MinimumVisualStudioVersion = 10.0.40219.1
Project("{FAE04EC0-301F-11D3-BF4B-00C04F79EFBC}") = "CalculatorInheritanceExample", "CalculatorInheritanceExample\CalculatorInheritanceExample.csproj", "{47345FDB-B882-44F3-BCD8-1B726341B9F5}"
EndProject
Global
	GlobalSection(SolutionConfigurationPlatforms) = preSolution
		Debug|Any CPU = Debug|Any CPU
		Release|Any CPU = Release|Any CPU
	EndGlobalSection
	GlobalSection(ProjectConfigurationPlatforms) = postSolution
		{47345FDB-B882-44F3-BCD8-1B726341B9F5}.Debug|Any CPU.ActiveCfg = Debug|Any CPU
		{47345FDB-B882-44F3-BCD8-1B726341B9F5}.Debug|Any CPU.Build.0 = Debug|Any CPU
		{47345FDB-B882-44F3-BCD8-1B726341B9F5}.Release|Any CPU.ActiveCfg = Release|Any CPU
		{47345FDB-B882-44F3-BCD8-1B726341B9F5}.Release|Any CPU.Build.0 = Release|Any CPU
	EndGlobalSection
	GlobalSection(SolutionProperties) = preSolution
		HideSolutionNode = FALSE
	EndGlobalSection
	GlobalSection(ExtensibilityGlobals) = postSolution
		SolutionGuid = {7BF8F7BD-891C-4791-8871-FFF960689AD5}
	EndGlobalSection
EndGlobal
